// !$*UTF8*$!
{
	archiveVersion = 1;
	classes = {
	};
	objectVersion = 56;
	objects = {

/* Begin PBXBuildFile section */
		D42A88B12C6B20EF008EFAC7 /* HomeView.swift in Sources */ = {isa = PBXBuildFile; fileRef = D42A88B02C6B20EF008EFAC7 /* HomeView.swift */; };
		D42A88B52C6B242C008EFAC7 /* CircleButtonView.swift in Sources */ = {isa = PBXBuildFile; fileRef = D42A88B42C6B242C008EFAC7 /* CircleButtonView.swift */; };
		D42A88B72C6B2E7A008EFAC7 /* CircleButtonAnimationView.swift in Sources */ = {isa = PBXBuildFile; fileRef = D42A88B62C6B2E7A008EFAC7 /* CircleButtonAnimationView.swift */; };
		D42A88BA2C6B4ADF008EFAC7 /* CoinModel.swift in Sources */ = {isa = PBXBuildFile; fileRef = D42A88B92C6B4ADF008EFAC7 /* CoinModel.swift */; };
		D42A88BC2C6B6127008EFAC7 /* CoinRowView.swift in Sources */ = {isa = PBXBuildFile; fileRef = D42A88BB2C6B6127008EFAC7 /* CoinRowView.swift */; };
		D42A88BE2C6B6307008EFAC7 /* PreviewProvider.swift in Sources */ = {isa = PBXBuildFile; fileRef = D42A88BD2C6B6307008EFAC7 /* PreviewProvider.swift */; };
		D42A88C02C6B7918008EFAC7 /* Double.swift in Sources */ = {isa = PBXBuildFile; fileRef = D42A88BF2C6B7918008EFAC7 /* Double.swift */; };
		D42A88C22C6BB6D1008EFAC7 /* HomeViewModel.swift in Sources */ = {isa = PBXBuildFile; fileRef = D42A88C12C6BB6D1008EFAC7 /* HomeViewModel.swift */; };
		D42A88C52C6BD1CB008EFAC7 /* CoinDataService.swift in Sources */ = {isa = PBXBuildFile; fileRef = D42A88C42C6BD1CB008EFAC7 /* CoinDataService.swift */; };
		D42A88C72C6C7ADE008EFAC7 /* NetworkingManager.swift in Sources */ = {isa = PBXBuildFile; fileRef = D42A88C62C6C7ADE008EFAC7 /* NetworkingManager.swift */; };
		D4353BC92C6B095600363AF7 /* CryptoAppApp.swift in Sources */ = {isa = PBXBuildFile; fileRef = D4353BC82C6B095600363AF7 /* CryptoAppApp.swift */; };
		D4353BCB2C6B095600363AF7 /* ContentView.swift in Sources */ = {isa = PBXBuildFile; fileRef = D4353BCA2C6B095600363AF7 /* ContentView.swift */; };
		D4353BD02C6B095800363AF7 /* Preview Assets.xcassets in Resources */ = {isa = PBXBuildFile; fileRef = D4353BCF2C6B095800363AF7 /* Preview Assets.xcassets */; };
		D4353BD72C6B104C00363AF7 /* Assets.xcassets in Resources */ = {isa = PBXBuildFile; fileRef = D4353BD62C6B104C00363AF7 /* Assets.xcassets */; };
		D4353BDA2C6B146200363AF7 /* Color.swift in Sources */ = {isa = PBXBuildFile; fileRef = D4353BD92C6B146200363AF7 /* Color.swift */; };
		D4353BDE2C6B1ECE00363AF7 /* .gitignore in Resources */ = {isa = PBXBuildFile; fileRef = D4353BDD2C6B1ECE00363AF7 /* .gitignore */; };
/* End PBXBuildFile section */

/* Begin PBXFileReference section */
		D42A88B02C6B20EF008EFAC7 /* HomeView.swift */ = {isa = PBXFileReference; lastKnownFileType = sourcecode.swift; path = HomeView.swift; sourceTree = "<group>"; };
		D42A88B42C6B242C008EFAC7 /* CircleButtonView.swift */ = {isa = PBXFileReference; lastKnownFileType = sourcecode.swift; path = CircleButtonView.swift; sourceTree = "<group>"; };
		D42A88B62C6B2E7A008EFAC7 /* CircleButtonAnimationView.swift */ = {isa = PBXFileReference; lastKnownFileType = sourcecode.swift; path = CircleButtonAnimationView.swift; sourceTree = "<group>"; };
		D42A88B92C6B4ADF008EFAC7 /* CoinModel.swift */ = {isa = PBXFileReference; lastKnownFileType = sourcecode.swift; path = CoinModel.swift; sourceTree = "<group>"; };
		D42A88BB2C6B6127008EFAC7 /* CoinRowView.swift */ = {isa = PBXFileReference; lastKnownFileType = sourcecode.swift; path = CoinRowView.swift; sourceTree = "<group>"; };
		D42A88BD2C6B6307008EFAC7 /* PreviewProvider.swift */ = {isa = PBXFileReference; lastKnownFileType = sourcecode.swift; path = PreviewProvider.swift; sourceTree = "<group>"; };
		D42A88BF2C6B7918008EFAC7 /* Double.swift */ = {isa = PBXFileReference; lastKnownFileType = sourcecode.swift; path = Double.swift; sourceTree = "<group>"; };
		D42A88C12C6BB6D1008EFAC7 /* HomeViewModel.swift */ = {isa = PBXFileReference; lastKnownFileType = sourcecode.swift; path = HomeViewModel.swift; sourceTree = "<group>"; };
		D42A88C42C6BD1CB008EFAC7 /* CoinDataService.swift */ = {isa = PBXFileReference; lastKnownFileType = sourcecode.swift; path = CoinDataService.swift; sourceTree = "<group>"; };
		D42A88C62C6C7ADE008EFAC7 /* NetworkingManager.swift */ = {isa = PBXFileReference; lastKnownFileType = sourcecode.swift; path = NetworkingManager.swift; sourceTree = "<group>"; };
		D4353BC52C6B095600363AF7 /* CryptoApp.app */ = {isa = PBXFileReference; explicitFileType = wrapper.application; includeInIndex = 0; path = CryptoApp.app; sourceTree = BUILT_PRODUCTS_DIR; };
		D4353BC82C6B095600363AF7 /* CryptoAppApp.swift */ = {isa = PBXFileReference; lastKnownFileType = sourcecode.swift; path = CryptoAppApp.swift; sourceTree = "<group>"; };
		D4353BCA2C6B095600363AF7 /* ContentView.swift */ = {isa = PBXFileReference; lastKnownFileType = sourcecode.swift; path = ContentView.swift; sourceTree = "<group>"; };
		D4353BCF2C6B095800363AF7 /* Preview Assets.xcassets */ = {isa = PBXFileReference; lastKnownFileType = folder.assetcatalog; path = "Preview Assets.xcassets"; sourceTree = "<group>"; };
		D4353BD62C6B104C00363AF7 /* Assets.xcassets */ = {isa = PBXFileReference; lastKnownFileType = folder.assetcatalog; name = Assets.xcassets; path = ../../../../Downloads/Resources/Assets.xcassets; sourceTree = "<group>"; };
		D4353BD92C6B146200363AF7 /* Color.swift */ = {isa = PBXFileReference; lastKnownFileType = sourcecode.swift; path = Color.swift; sourceTree = "<group>"; };
		D4353BDD2C6B1ECE00363AF7 /* .gitignore */ = {isa = PBXFileReference; fileEncoding = 4; lastKnownFileType = text; path = .gitignore; sourceTree = "<group>"; };
/* End PBXFileReference section */

/* Begin PBXFrameworksBuildPhase section */
		D4353BC22C6B095600363AF7 /* Frameworks */ = {
			isa = PBXFrameworksBuildPhase;
			buildActionMask = 2147483647;
			files = (
			);
			runOnlyForDeploymentPostprocessing = 0;
		};
/* End PBXFrameworksBuildPhase section */

/* Begin PBXGroup section */
		D42A88AD2C6B2065008EFAC7 /* Home */ = {
			isa = PBXGroup;
			children = (
				D42A88AF2C6B2098008EFAC7 /* Views */,
				D42A88AE2C6B208D008EFAC7 /* View Models */,
			);
			path = Home;
			sourceTree = "<group>";
		};
		D42A88AE2C6B208D008EFAC7 /* View Models */ = {
			isa = PBXGroup;
			children = (
				D42A88C12C6BB6D1008EFAC7 /* HomeViewModel.swift */,
			);
			path = "View Models";
			sourceTree = "<group>";
		};
		D42A88AF2C6B2098008EFAC7 /* Views */ = {
			isa = PBXGroup;
			children = (
				D42A88B02C6B20EF008EFAC7 /* HomeView.swift */,
				D42A88BB2C6B6127008EFAC7 /* CoinRowView.swift */,
			);
			path = Views;
			sourceTree = "<group>";
		};
		D42A88B22C6B23F1008EFAC7 /* Components */ = {
			isa = PBXGroup;
			children = (
				D42A88B32C6B2402008EFAC7 /* Circle Buttons */,
			);
			path = Components;
			sourceTree = "<group>";
		};
		D42A88B32C6B2402008EFAC7 /* Circle Buttons */ = {
			isa = PBXGroup;
			children = (
				D42A88B42C6B242C008EFAC7 /* CircleButtonView.swift */,
				D42A88B62C6B2E7A008EFAC7 /* CircleButtonAnimationView.swift */,
			);
			path = "Circle Buttons";
			sourceTree = "<group>";
		};
		D42A88B82C6B4A4F008EFAC7 /* Models */ = {
			isa = PBXGroup;
			children = (
				D42A88B92C6B4ADF008EFAC7 /* CoinModel.swift */,
			);
			path = Models;
			sourceTree = "<group>";
		};
		D42A88C32C6BD185008EFAC7 /* Services */ = {
			isa = PBXGroup;
			children = (
				D42A88C42C6BD1CB008EFAC7 /* CoinDataService.swift */,
				D42A88C62C6C7ADE008EFAC7 /* NetworkingManager.swift */,
			);
			path = Services;
			sourceTree = "<group>";
		};
		D4353BBC2C6B095600363AF7 = {
			isa = PBXGroup;
			children = (
				D4353BDD2C6B1ECE00363AF7 /* .gitignore */,
				D4353BC72C6B095600363AF7 /* CryptoApp */,
				D4353BC62C6B095600363AF7 /* Products */,
			);
			sourceTree = "<group>";
		};
		D4353BC62C6B095600363AF7 /* Products */ = {
			isa = PBXGroup;
			children = (
				D4353BC52C6B095600363AF7 /* CryptoApp.app */,
			);
			name = Products;
			sourceTree = "<group>";
		};
		D4353BC72C6B095600363AF7 /* CryptoApp */ = {
			isa = PBXGroup;
			children = (
				D42A88C32C6BD185008EFAC7 /* Services */,
				D42A88B82C6B4A4F008EFAC7 /* Models */,
				D42A88B22C6B23F1008EFAC7 /* Components */,
				D4353BD82C6B143700363AF7 /* Extensions */,
				D42A88AD2C6B2065008EFAC7 /* Home */,
				D4353BC82C6B095600363AF7 /* CryptoAppApp.swift */,
				D4353BCA2C6B095600363AF7 /* ContentView.swift */,
				D4353BD62C6B104C00363AF7 /* Assets.xcassets */,
				D4353BCE2C6B095800363AF7 /* Preview Content */,
			);
			path = CryptoApp;
			sourceTree = "<group>";
		};
		D4353BCE2C6B095800363AF7 /* Preview Content */ = {
			isa = PBXGroup;
			children = (
				D4353BCF2C6B095800363AF7 /* Preview Assets.xcassets */,
			);
			path = "Preview Content";
			sourceTree = "<group>";
		};
		D4353BD82C6B143700363AF7 /* Extensions */ = {
			isa = PBXGroup;
			children = (
				D4353BD92C6B146200363AF7 /* Color.swift */,
				D42A88BD2C6B6307008EFAC7 /* PreviewProvider.swift */,
				D42A88BF2C6B7918008EFAC7 /* Double.swift */,
			);
			path = Extensions;
			sourceTree = "<group>";
		};
/* End PBXGroup section */

/* Begin PBXNativeTarget section */
		D4353BC42C6B095600363AF7 /* CryptoApp */ = {
			isa = PBXNativeTarget;
			buildConfigurationList = D4353BD32C6B095800363AF7 /* Build configuration list for PBXNativeTarget "CryptoApp" */;
			buildPhases = (
				D4353BC12C6B095600363AF7 /* Sources */,
				D4353BC22C6B095600363AF7 /* Frameworks */,
				D4353BC32C6B095600363AF7 /* Resources */,
			);
			buildRules = (
			);
			dependencies = (
			);
			name = CryptoApp;
			productName = CryptoApp;
			productReference = D4353BC52C6B095600363AF7 /* CryptoApp.app */;
			productType = "com.apple.product-type.application";
		};
/* End PBXNativeTarget section */

/* Begin PBXProject section */
		D4353BBD2C6B095600363AF7 /* Project object */ = {
			isa = PBXProject;
			attributes = {
				BuildIndependentTargetsInParallel = 1;
				LastSwiftUpdateCheck = 1510;
				LastUpgradeCheck = 1510;
				TargetAttributes = {
					D4353BC42C6B095600363AF7 = {
						CreatedOnToolsVersion = 15.1;
					};
				};
			};
			buildConfigurationList = D4353BC02C6B095600363AF7 /* Build configuration list for PBXProject "CryptoApp" */;
			compatibilityVersion = "Xcode 14.0";
			developmentRegion = en;
			hasScannedForEncodings = 0;
			knownRegions = (
				en,
				Base,
			);
			mainGroup = D4353BBC2C6B095600363AF7;
			productRefGroup = D4353BC62C6B095600363AF7 /* Products */;
			projectDirPath = "";
			projectRoot = "";
			targets = (
				D4353BC42C6B095600363AF7 /* CryptoApp */,
			);
		};
/* End PBXProject section */

/* Begin PBXResourcesBuildPhase section */
		D4353BC32C6B095600363AF7 /* Resources */ = {
			isa = PBXResourcesBuildPhase;
			buildActionMask = 2147483647;
			files = (
				D4353BD02C6B095800363AF7 /* Preview Assets.xcassets in Resources */,
				D4353BDE2C6B1ECE00363AF7 /* .gitignore in Resources */,
				D4353BD72C6B104C00363AF7 /* Assets.xcassets in Resources */,
			);
			runOnlyForDeploymentPostprocessing = 0;
		};
/* End PBXResourcesBuildPhase section */

/* Begin PBXSourcesBuildPhase section */
		D4353BC12C6B095600363AF7 /* Sources */ = {
			isa = PBXSourcesBuildPhase;
			buildActionMask = 2147483647;
			files = (
				D42A88C52C6BD1CB008EFAC7 /* CoinDataService.swift in Sources */,
				D42A88BC2C6B6127008EFAC7 /* CoinRowView.swift in Sources */,
				D42A88C22C6BB6D1008EFAC7 /* HomeViewModel.swift in Sources */,
				D4353BCB2C6B095600363AF7 /* ContentView.swift in Sources */,
				D42A88B12C6B20EF008EFAC7 /* HomeView.swift in Sources */,
				D4353BC92C6B095600363AF7 /* CryptoAppApp.swift in Sources */,
				D42A88B52C6B242C008EFAC7 /* CircleButtonView.swift in Sources */,
				D4353BDA2C6B146200363AF7 /* Color.swift in Sources */,
				D42A88C72C6C7ADE008EFAC7 /* NetworkingManager.swift in Sources */,
				D42A88B72C6B2E7A008EFAC7 /* CircleButtonAnimationView.swift in Sources */,
				D42A88BE2C6B6307008EFAC7 /* PreviewProvider.swift in Sources */,
				D42A88C02C6B7918008EFAC7 /* Double.swift in Sources */,
				D42A88BA2C6B4ADF008EFAC7 /* CoinModel.swift in Sources */,
			);
			runOnlyForDeploymentPostprocessing = 0;
		};
/* End PBXSourcesBuildPhase section */

/* Begin XCBuildConfiguration section */
		D4353BD12C6B095800363AF7 /* Debug */ = {
			isa = XCBuildConfiguration;
			buildSettings = {
				ALWAYS_SEARCH_USER_PATHS = NO;
				ASSETCATALOG_COMPILER_GENERATE_SWIFT_ASSET_SYMBOL_EXTENSIONS = YES;
				CLANG_ANALYZER_NONNULL = YES;
				CLANG_ANALYZER_NUMBER_OBJECT_CONVERSION = YES_AGGRESSIVE;
				CLANG_CXX_LANGUAGE_STANDARD = "gnu++20";
				CLANG_ENABLE_MODULES = YES;
				CLANG_ENABLE_OBJC_ARC = YES;
				CLANG_ENABLE_OBJC_WEAK = YES;
				CLANG_WARN_BLOCK_CAPTURE_AUTORELEASING = YES;
				CLANG_WARN_BOOL_CONVERSION = YES;
				CLANG_WARN_COMMA = YES;
				CLANG_WARN_CONSTANT_CONVERSION = YES;
				CLANG_WARN_DEPRECATED_OBJC_IMPLEMENTATIONS = YES;
				CLANG_WARN_DIRECT_OBJC_ISA_USAGE = YES_ERROR;
				CLANG_WARN_DOCUMENTATION_COMMENTS = YES;
				CLANG_WARN_EMPTY_BODY = YES;
				CLANG_WARN_ENUM_CONVERSION = YES;
				CLANG_WARN_INFINITE_RECURSION = YES;
				CLANG_WARN_INT_CONVERSION = YES;
				CLANG_WARN_NON_LITERAL_NULL_CONVERSION = YES;
				CLANG_WARN_OBJC_IMPLICIT_RETAIN_SELF = YES;
				CLANG_WARN_OBJC_LITERAL_CONVERSION = YES;
				CLANG_WARN_OBJC_ROOT_CLASS = YES_ERROR;
				CLANG_WARN_QUOTED_INCLUDE_IN_FRAMEWORK_HEADER = YES;
				CLANG_WARN_RANGE_LOOP_ANALYSIS = YES;
				CLANG_WARN_STRICT_PROTOTYPES = YES;
				CLANG_WARN_SUSPICIOUS_MOVE = YES;
				CLANG_WARN_UNGUARDED_AVAILABILITY = YES_AGGRESSIVE;
				CLANG_WARN_UNREACHABLE_CODE = YES;
				CLANG_WARN__DUPLICATE_METHOD_MATCH = YES;
				COPY_PHASE_STRIP = NO;
				DEBUG_INFORMATION_FORMAT = dwarf;
				ENABLE_STRICT_OBJC_MSGSEND = YES;
				ENABLE_TESTABILITY = YES;
				ENABLE_USER_SCRIPT_SANDBOXING = YES;
				GCC_C_LANGUAGE_STANDARD = gnu17;
				GCC_DYNAMIC_NO_PIC = NO;
				GCC_NO_COMMON_BLOCKS = YES;
				GCC_OPTIMIZATION_LEVEL = 0;
				GCC_PREPROCESSOR_DEFINITIONS = (
					"DEBUG=1",
					"$(inherited)",
				);
				GCC_WARN_64_TO_32_BIT_CONVERSION = YES;
				GCC_WARN_ABOUT_RETURN_TYPE = YES_ERROR;
				GCC_WARN_UNDECLARED_SELECTOR = YES;
				GCC_WARN_UNINITIALIZED_AUTOS = YES_AGGRESSIVE;
				GCC_WARN_UNUSED_FUNCTION = YES;
				GCC_WARN_UNUSED_VARIABLE = YES;
				IPHONEOS_DEPLOYMENT_TARGET = 17.2;
				LOCALIZATION_PREFERS_STRING_CATALOGS = YES;
				MTL_ENABLE_DEBUG_INFO = INCLUDE_SOURCE;
				MTL_FAST_MATH = YES;
				ONLY_ACTIVE_ARCH = YES;
				SDKROOT = iphoneos;
				SWIFT_ACTIVE_COMPILATION_CONDITIONS = "DEBUG $(inherited)";
				SWIFT_OPTIMIZATION_LEVEL = "-Onone";
			};
			name = Debug;
		};
		D4353BD22C6B095800363AF7 /* Release */ = {
			isa = XCBuildConfiguration;
			buildSettings = {
				ALWAYS_SEARCH_USER_PATHS = NO;
				ASSETCATALOG_COMPILER_GENERATE_SWIFT_ASSET_SYMBOL_EXTENSIONS = YES;
				CLANG_ANALYZER_NONNULL = YES;
				CLANG_ANALYZER_NUMBER_OBJECT_CONVERSION = YES_AGGRESSIVE;
				CLANG_CXX_LANGUAGE_STANDARD = "gnu++20";
				CLANG_ENABLE_MODULES = YES;
				CLANG_ENABLE_OBJC_ARC = YES;
				CLANG_ENABLE_OBJC_WEAK = YES;
				CLANG_WARN_BLOCK_CAPTURE_AUTORELEASING = YES;
				CLANG_WARN_BOOL_CONVERSION = YES;
				CLANG_WARN_COMMA = YES;
				CLANG_WARN_CONSTANT_CONVERSION = YES;
				CLANG_WARN_DEPRECATED_OBJC_IMPLEMENTATIONS = YES;
				CLANG_WARN_DIRECT_OBJC_ISA_USAGE = YES_ERROR;
				CLANG_WARN_DOCUMENTATION_COMMENTS = YES;
				CLANG_WARN_EMPTY_BODY = YES;
				CLANG_WARN_ENUM_CONVERSION = YES;
				CLANG_WARN_INFINITE_RECURSION = YES;
				CLANG_WARN_INT_CONVERSION = YES;
				CLANG_WARN_NON_LITERAL_NULL_CONVERSION = YES;
				CLANG_WARN_OBJC_IMPLICIT_RETAIN_SELF = YES;
				CLANG_WARN_OBJC_LITERAL_CONVERSION = YES;
				CLANG_WARN_OBJC_ROOT_CLASS = YES_ERROR;
				CLANG_WARN_QUOTED_INCLUDE_IN_FRAMEWORK_HEADER = YES;
				CLANG_WARN_RANGE_LOOP_ANALYSIS = YES;
				CLANG_WARN_STRICT_PROTOTYPES = YES;
				CLANG_WARN_SUSPICIOUS_MOVE = YES;
				CLANG_WARN_UNGUARDED_AVAILABILITY = YES_AGGRESSIVE;
				CLANG_WARN_UNREACHABLE_CODE = YES;
				CLANG_WARN__DUPLICATE_METHOD_MATCH = YES;
				COPY_PHASE_STRIP = NO;
				DEBUG_INFORMATION_FORMAT = "dwarf-with-dsym";
				ENABLE_NS_ASSERTIONS = NO;
				ENABLE_STRICT_OBJC_MSGSEND = YES;
				ENABLE_USER_SCRIPT_SANDBOXING = YES;
				GCC_C_LANGUAGE_STANDARD = gnu17;
				GCC_NO_COMMON_BLOCKS = YES;
				GCC_WARN_64_TO_32_BIT_CONVERSION = YES;
				GCC_WARN_ABOUT_RETURN_TYPE = YES_ERROR;
				GCC_WARN_UNDECLARED_SELECTOR = YES;
				GCC_WARN_UNINITIALIZED_AUTOS = YES_AGGRESSIVE;
				GCC_WARN_UNUSED_FUNCTION = YES;
				GCC_WARN_UNUSED_VARIABLE = YES;
				IPHONEOS_DEPLOYMENT_TARGET = 17.2;
				LOCALIZATION_PREFERS_STRING_CATALOGS = YES;
				MTL_ENABLE_DEBUG_INFO = NO;
				MTL_FAST_MATH = YES;
				SDKROOT = iphoneos;
				SWIFT_COMPILATION_MODE = wholemodule;
				VALIDATE_PRODUCT = YES;
			};
			name = Release;
		};
		D4353BD42C6B095800363AF7 /* Debug */ = {
			isa = XCBuildConfiguration;
			buildSettings = {
				ASSETCATALOG_COMPILER_APPICON_NAME = AppIcon;
				ASSETCATALOG_COMPILER_GLOBAL_ACCENT_COLOR_NAME = AccentColor;
				CODE_SIGN_STYLE = Automatic;
				CURRENT_PROJECT_VERSION = 1;
				DEVELOPMENT_ASSET_PATHS = "\"CryptoApp/Preview Content\"";
				DEVELOPMENT_TEAM = 48T2248AE2;
				ENABLE_PREVIEWS = YES;
				GENERATE_INFOPLIST_FILE = YES;
				INFOPLIST_KEY_CFBundleDisplayName = CryptoApp;
				INFOPLIST_KEY_UIApplicationSceneManifest_Generation = YES;
				INFOPLIST_KEY_UIApplicationSupportsIndirectInputEvents = YES;
				INFOPLIST_KEY_UILaunchScreen_Generation = YES;
				INFOPLIST_KEY_UISupportedInterfaceOrientations = UIInterfaceOrientationPortrait;
				INFOPLIST_KEY_UISupportedInterfaceOrientations_iPad = "UIInterfaceOrientationPortrait UIInterfaceOrientationPortraitUpsideDown";
				IPHONEOS_DEPLOYMENT_TARGET = 14.0;
				LD_RUNPATH_SEARCH_PATHS = (
					"$(inherited)",
					"@executable_path/Frameworks",
				);
				MARKETING_VERSION = 1.0;
				PRODUCT_BUNDLE_IDENTIFIER = com.saqib.CryptoApp;
				PRODUCT_NAME = "$(TARGET_NAME)";
				SUPPORTED_PLATFORMS = "iphoneos iphonesimulator";
				SUPPORTS_MACCATALYST = NO;
				SUPPORTS_MAC_DESIGNED_FOR_IPHONE_IPAD = NO;
				SWIFT_EMIT_LOC_STRINGS = YES;
				SWIFT_VERSION = 5.0;
				TARGETED_DEVICE_FAMILY = "1,2";
			};
			name = Debug;
		};
		D4353BD52C6B095800363AF7 /* Release */ = {
			isa = XCBuildConfiguration;
			buildSettings = {
				ASSETCATALOG_COMPILER_APPICON_NAME = AppIcon;
				ASSETCATALOG_COMPILER_GLOBAL_ACCENT_COLOR_NAME = AccentColor;
				CODE_SIGN_STYLE = Automatic;
				CURRENT_PROJECT_VERSION = 1;
				DEVELOPMENT_ASSET_PATHS = "\"CryptoApp/Preview Content\"";
				DEVELOPMENT_TEAM = 48T2248AE2;
				ENABLE_PREVIEWS = YES;
				GENERATE_INFOPLIST_FILE = YES;
				INFOPLIST_KEY_CFBundleDisplayName = CryptoApp;
				INFOPLIST_KEY_UIApplicationSceneManifest_Generation = YES;
				INFOPLIST_KEY_UIApplicationSupportsIndirectInputEvents = YES;
				INFOPLIST_KEY_UILaunchScreen_Generation = YES;
				INFOPLIST_KEY_UISupportedInterfaceOrientations = UIInterfaceOrientationPortrait;
				INFOPLIST_KEY_UISupportedInterfaceOrientations_iPad = "UIInterfaceOrientationPortrait UIInterfaceOrientationPortraitUpsideDown";
				IPHONEOS_DEPLOYMENT_TARGET = 14.0;
				LD_RUNPATH_SEARCH_PATHS = (
					"$(inherited)",
					"@executable_path/Frameworks",
				);
				MARKETING_VERSION = 1.0;
				PRODUCT_BUNDLE_IDENTIFIER = com.saqib.CryptoApp;
				PRODUCT_NAME = "$(TARGET_NAME)";
				SUPPORTED_PLATFORMS = "iphoneos iphonesimulator";
				SUPPORTS_MACCATALYST = NO;
				SUPPORTS_MAC_DESIGNED_FOR_IPHONE_IPAD = NO;
				SWIFT_EMIT_LOC_STRINGS = YES;
				SWIFT_VERSION = 5.0;
				TARGETED_DEVICE_FAMILY = "1,2";
			};
			name = Release;
		};
/* End XCBuildConfiguration section */

/* Begin XCConfigurationList section */
		D4353BC02C6B095600363AF7 /* Build configuration list for PBXProject "CryptoApp" */ = {
			isa = XCConfigurationList;
			buildConfigurations = (
				D4353BD12C6B095800363AF7 /* Debug */,
				D4353BD22C6B095800363AF7 /* Release */,
			);
			defaultConfigurationIsVisible = 0;
			defaultConfigurationName = Release;
		};
		D4353BD32C6B095800363AF7 /* Build configuration list for PBXNativeTarget "CryptoApp" */ = {
			isa = XCConfigurationList;
			buildConfigurations = (
				D4353BD42C6B095800363AF7 /* Debug */,
				D4353BD52C6B095800363AF7 /* Release */,
			);
			defaultConfigurationIsVisible = 0;
			defaultConfigurationName = Release;
		};
/* End XCConfigurationList section */
	};
	rootObject = D4353BBD2C6B095600363AF7 /* Project object */;
}
